// !$*UTF8*$!
{
	archiveVersion = 1;
	classes = {
	};
	objectVersion = 46;
	objects = {

/* Begin PBXBuildFile section */
		4E5493E51BC3624700EA0C66 /* main.m in Sources */ = {isa = PBXBuildFile; fileRef = 4E5493E41BC3624700EA0C66 /* main.m */; };
		4E5493E81BC3624700EA0C66 /* AppDelegate.m in Sources */ = {isa = PBXBuildFile; fileRef = 4E5493E71BC3624700EA0C66 /* AppDelegate.m */; };
		4E5493EB1BC3624700EA0C66 /* ViewController.m in Sources */ = {isa = PBXBuildFile; fileRef = 4E5493EA1BC3624700EA0C66 /* ViewController.m */; };
		4E5493EE1BC3624700EA0C66 /* Main.storyboard in Resources */ = {isa = PBXBuildFile; fileRef = 4E5493EC1BC3624700EA0C66 /* Main.storyboard */; };
		4E5493F01BC3624700EA0C66 /* Images.xcassets in Resources */ = {isa = PBXBuildFile; fileRef = 4E5493EF1BC3624700EA0C66 /* Images.xcassets */; };
		4E5493F31BC3624700EA0C66 /* LaunchScreen.xib in Resources */ = {isa = PBXBuildFile; fileRef = 4E5493F11BC3624700EA0C66 /* LaunchScreen.xib */; };
		4E5493FF1BC3624700EA0C66 /* _2______Tests.m in Sources */ = {isa = PBXBuildFile; fileRef = 4E5493FE1BC3624700EA0C66 /* _2______Tests.m */; };
		4E54940A1BC362C400EA0C66 /* TakePhoto.m in Sources */ = {isa = PBXBuildFile; fileRef = 4E5494091BC362C400EA0C66 /* TakePhoto.m */; };
		4E54940C1BC364B400EA0C66 /* 002.png in Resources */ = {isa = PBXBuildFile; fileRef = 4E54940B1BC364B400EA0C66 /* 002.png */; };
		4E54940E1BC364EB00EA0C66 /* add_button_item@2x.png in Resources */ = {isa = PBXBuildFile; fileRef = 4E54940D1BC364EB00EA0C66 /* add_button_item@2x.png */; };
		4E5494111BC3653800EA0C66 /* PhotographerManager.m in Sources */ = {isa = PBXBuildFile; fileRef = 4E5494101BC3653800EA0C66 /* PhotographerManager.m */; };
		4E5494151BC372E800EA0C66 /* DetailViewController.m in Sources */ = {isa = PBXBuildFile; fileRef = 4E5494141BC372E800EA0C66 /* DetailViewController.m */; };
		4E5494171BC3934300EA0C66 /* 002.png in Resources */ = {isa = PBXBuildFile; fileRef = 4E5494161BC3934300EA0C66 /* 002.png */; };
		4E5494191BC3936A00EA0C66 /* btn_image_close@3x.png in Resources */ = {isa = PBXBuildFile; fileRef = 4E5494181BC3936A00EA0C66 /* btn_image_close@3x.png */; };
/* End PBXBuildFile section */

/* Begin PBXContainerItemProxy section */
		4E5493F91BC3624700EA0C66 /* PBXContainerItemProxy */ = {
			isa = PBXContainerItemProxy;
			containerPortal = 4E5493D71BC3624700EA0C66 /* Project object */;
			proxyType = 1;
			remoteGlobalIDString = 4E5493DE1BC3624700EA0C66;
			remoteInfo = "02-自定义拍照";
		};
/* End PBXContainerItemProxy section */

/* Begin PBXFileReference section */
		4E5493DF1BC3624700EA0C66 /* 02-自定义拍照.app */ = {isa = PBXFileReference; explicitFileType = wrapper.application; includeInIndex = 0; path = "02-自定义拍照.app"; sourceTree = BUILT_PRODUCTS_DIR; };
		4E5493E31BC3624700EA0C66 /* Info.plist */ = {isa = PBXFileReference; lastKnownFileType = text.plist.xml; path = Info.plist; sourceTree = "<group>"; };
		4E5493E41BC3624700EA0C66 /* main.m */ = {isa = PBXFileReference; lastKnownFileType = sourcecode.c.objc; path = main.m; sourceTree = "<group>"; };
		4E5493E61BC3624700EA0C66 /* AppDelegate.h */ = {isa = PBXFileReference; lastKnownFileType = sourcecode.c.h; path = AppDelegate.h; sourceTree = "<group>"; };
		4E5493E71BC3624700EA0C66 /* AppDelegate.m */ = {isa = PBXFileReference; lastKnownFileType = sourcecode.c.objc; path = AppDelegate.m; sourceTree = "<group>"; };
		4E5493E91BC3624700EA0C66 /* ViewController.h */ = {isa = PBXFileReference; lastKnownFileType = sourcecode.c.h; path = ViewController.h; sourceTree = "<group>"; };
		4E5493EA1BC3624700EA0C66 /* ViewController.m */ = {isa = PBXFileReference; lastKnownFileType = sourcecode.c.objc; path = ViewController.m; sourceTree = "<group>"; };
		4E5493ED1BC3624700EA0C66 /* Base */ = {isa = PBXFileReference; lastKnownFileType = file.storyboard; name = Base; path = Base.lproj/Main.storyboard; sourceTree = "<group>"; };
		4E5493EF1BC3624700EA0C66 /* Images.xcassets */ = {isa = PBXFileReference; lastKnownFileType = folder.assetcatalog; path = Images.xcassets; sourceTree = "<group>"; };
		4E5493F21BC3624700EA0C66 /* Base */ = {isa = PBXFileReference; lastKnownFileType = file.xib; name = Base; path = Base.lproj/LaunchScreen.xib; sourceTree = "<group>"; };
		4E5493F81BC3624700EA0C66 /* 02-自定义拍照Tests.xctest */ = {isa = PBXFileReference; explicitFileType = wrapper.cfbundle; includeInIndex = 0; path = "02-自定义拍照Tests.xctest"; sourceTree = BUILT_PRODUCTS_DIR; };
		4E5493FD1BC3624700EA0C66 /* Info.plist */ = {isa = PBXFileReference; lastKnownFileType = text.plist.xml; path = Info.plist; sourceTree = "<group>"; };
		4E5493FE1BC3624700EA0C66 /* _2______Tests.m */ = {isa = PBXFileReference; lastKnownFileType = sourcecode.c.objc; path = "_2______Tests.m"; sourceTree = "<group>"; };
		4E5494081BC362C400EA0C66 /* TakePhoto.h */ = {isa = PBXFileReference; fileEncoding = 4; lastKnownFileType = sourcecode.c.h; path = TakePhoto.h; sourceTree = "<group>"; };
		4E5494091BC362C400EA0C66 /* TakePhoto.m */ = {isa = PBXFileReference; fileEncoding = 4; lastKnownFileType = sourcecode.c.objc; path = TakePhoto.m; sourceTree = "<group>"; };
		4E54940B1BC364B400EA0C66 /* 002.png */ = {isa = PBXFileReference; lastKnownFileType = image.png; path = 002.png; sourceTree = "<group>"; };
		4E54940D1BC364EB00EA0C66 /* add_button_item@2x.png */ = {isa = PBXFileReference; lastKnownFileType = image.png; path = "add_button_item@2x.png"; sourceTree = "<group>"; };
		4E54940F1BC3653800EA0C66 /* PhotographerManager.h */ = {isa = PBXFileReference; fileEncoding = 4; lastKnownFileType = sourcecode.c.h; path = PhotographerManager.h; sourceTree = "<group>"; };
		4E5494101BC3653800EA0C66 /* PhotographerManager.m */ = {isa = PBXFileReference; fileEncoding = 4; lastKnownFileType = sourcecode.c.objc; path = PhotographerManager.m; sourceTree = "<group>"; };
		4E5494131BC372E800EA0C66 /* DetailViewController.h */ = {isa = PBXFileReference; fileEncoding = 4; lastKnownFileType = sourcecode.c.h; path = DetailViewController.h; sourceTree = "<group>"; };
		4E5494141BC372E800EA0C66 /* DetailViewController.m */ = {isa = PBXFileReference; fileEncoding = 4; lastKnownFileType = sourcecode.c.objc; path = DetailViewController.m; sourceTree = "<group>"; };
		4E5494161BC3934300EA0C66 /* 002.png */ = {isa = PBXFileReference; lastKnownFileType = image.png; path = 002.png; sourceTree = "<group>"; };
		4E5494181BC3936A00EA0C66 /* btn_image_close@3x.png */ = {isa = PBXFileReference; lastKnownFileType = image.png; path = "btn_image_close@3x.png"; sourceTree = "<group>"; };
/* End PBXFileReference section */

/* Begin PBXFrameworksBuildPhase section */
		4E5493DC1BC3624700EA0C66 /* Frameworks */ = {
			isa = PBXFrameworksBuildPhase;
			buildActionMask = 2147483647;
			files = (
			);
			runOnlyForDeploymentPostprocessing = 0;
		};
		4E5493F51BC3624700EA0C66 /* Frameworks */ = {
			isa = PBXFrameworksBuildPhase;
			buildActionMask = 2147483647;
			files = (
			);
			runOnlyForDeploymentPostprocessing = 0;
		};
/* End PBXFrameworksBuildPhase section */

/* Begin PBXGroup section */
		4E5493D61BC3624700EA0C66 = {
			isa = PBXGroup;
			children = (
				4E5494181BC3936A00EA0C66 /* btn_image_close@3x.png */,
				4E5494161BC3934300EA0C66 /* 002.png */,
				4E5493E11BC3624700EA0C66 /* 02-自定义拍照 */,
				4E5493FB1BC3624700EA0C66 /* 02-自定义拍照Tests */,
				4E5493E01BC3624700EA0C66 /* Products */,
			);
			sourceTree = "<group>";
		};
		4E5493E01BC3624700EA0C66 /* Products */ = {
			isa = PBXGroup;
			children = (
				4E5493DF1BC3624700EA0C66 /* 02-自定义拍照.app */,
				4E5493F81BC3624700EA0C66 /* 02-自定义拍照Tests.xctest */,
			);
			name = Products;
			sourceTree = "<group>";
		};
		4E5493E11BC3624700EA0C66 /* 02-自定义拍照 */ = {
			isa = PBXGroup;
			children = (
				4E5494121BC372BB00EA0C66 /* camera */,
				4E54940D1BC364EB00EA0C66 /* add_button_item@2x.png */,
				4E54940B1BC364B400EA0C66 /* 002.png */,
				4E5493E61BC3624700EA0C66 /* AppDelegate.h */,
				4E5493E71BC3624700EA0C66 /* AppDelegate.m */,
				4E5494131BC372E800EA0C66 /* DetailViewController.h */,
				4E5494141BC372E800EA0C66 /* DetailViewController.m */,
				4E5493EC1BC3624700EA0C66 /* Main.storyboard */,
				4E5493EF1BC3624700EA0C66 /* Images.xcassets */,
				4E5493F11BC3624700EA0C66 /* LaunchScreen.xib */,
				4E5493E21BC3624700EA0C66 /* Supporting Files */,
			);
			path = "02-自定义拍照";
			sourceTree = "<group>";
		};
		4E5493E21BC3624700EA0C66 /* Supporting Files */ = {
			isa = PBXGroup;
			children = (
				4E5493E31BC3624700EA0C66 /* Info.plist */,
				4E5493E41BC3624700EA0C66 /* main.m */,
			);
			name = "Supporting Files";
			sourceTree = "<group>";
		};
		4E5493FB1BC3624700EA0C66 /* 02-自定义拍照Tests */ = {
			isa = PBXGroup;
			children = (
				4E5493FE1BC3624700EA0C66 /* _2______Tests.m */,
				4E5493FC1BC3624700EA0C66 /* Supporting Files */,
			);
			path = "02-自定义拍照Tests";
			sourceTree = "<group>";
		};
		4E5493FC1BC3624700EA0C66 /* Supporting Files */ = {
			isa = PBXGroup;
			children = (
				4E5493FD1BC3624700EA0C66 /* Info.plist */,
			);
			name = "Supporting Files";
			sourceTree = "<group>";
		};
		4E5494121BC372BB00EA0C66 /* camera */ = {
			isa = PBXGroup;
			children = (
				4E5494081BC362C400EA0C66 /* TakePhoto.h */,
				4E5494091BC362C400EA0C66 /* TakePhoto.m */,
				4E54940F1BC3653800EA0C66 /* PhotographerManager.h */,
				4E5494101BC3653800EA0C66 /* PhotographerManager.m */,
				4E5493E91BC3624700EA0C66 /* ViewController.h */,
				4E5493EA1BC3624700EA0C66 /* ViewController.m */,
			);
			name = camera;
			sourceTree = "<group>";
		};
/* End PBXGroup section */

/* Begin PBXNativeTarget section */
		4E5493DE1BC3624700EA0C66 /* 02-自定义拍照 */ = {
			isa = PBXNativeTarget;
			buildConfigurationList = 4E5494021BC3624700EA0C66 /* Build configuration list for PBXNativeTarget "02-自定义拍照" */;
			buildPhases = (
				4E5493DB1BC3624700EA0C66 /* Sources */,
				4E5493DC1BC3624700EA0C66 /* Frameworks */,
				4E5493DD1BC3624700EA0C66 /* Resources */,
			);
			buildRules = (
			);
			dependencies = (
			);
			name = "02-自定义拍照";
			productName = "02-自定义拍照";
			productReference = 4E5493DF1BC3624700EA0C66 /* 02-自定义拍照.app */;
			productType = "com.apple.product-type.application";
		};
		4E5493F71BC3624700EA0C66 /* 02-自定义拍照Tests */ = {
			isa = PBXNativeTarget;
			buildConfigurationList = 4E5494051BC3624700EA0C66 /* Build configuration list for PBXNativeTarget "02-自定义拍照Tests" */;
			buildPhases = (
				4E5493F41BC3624700EA0C66 /* Sources */,
				4E5493F51BC3624700EA0C66 /* Frameworks */,
				4E5493F61BC3624700EA0C66 /* Resources */,
			);
			buildRules = (
			);
			dependencies = (
				4E5493FA1BC3624700EA0C66 /* PBXTargetDependency */,
			);
			name = "02-自定义拍照Tests";
			productName = "02-自定义拍照Tests";
			productReference = 4E5493F81BC3624700EA0C66 /* 02-自定义拍照Tests.xctest */;
			productType = "com.apple.product-type.bundle.unit-test";
		};
/* End PBXNativeTarget section */

/* Begin PBXProject section */
		4E5493D71BC3624700EA0C66 /* Project object */ = {
			isa = PBXProject;
			attributes = {
				LastUpgradeCheck = 0610;
				ORGANIZATIONNAME = GaoPanpan;
				TargetAttributes = {
					4E5493DE1BC3624700EA0C66 = {
						CreatedOnToolsVersion = 6.1.1;
						DevelopmentTeam = 9E6KL9LW2Q;
					};
					4E5493F71BC3624700EA0C66 = {
						CreatedOnToolsVersion = 6.1.1;
						TestTargetID = 4E5493DE1BC3624700EA0C66;
					};
				};
			};
			buildConfigurationList = 4E5493DA1BC3624700EA0C66 /* Build configuration list for PBXProject "02-自定义拍照" */;
			compatibilityVersion = "Xcode 3.2";
			developmentRegion = English;
			hasScannedForEncodings = 0;
			knownRegions = (
				en,
				Base,
			);
			mainGroup = 4E5493D61BC3624700EA0C66;
			productRefGroup = 4E5493E01BC3624700EA0C66 /* Products */;
			projectDirPath = "";
			projectRoot = "";
			targets = (
				4E5493DE1BC3624700EA0C66 /* 02-自定义拍照 */,
				4E5493F71BC3624700EA0C66 /* 02-自定义拍照Tests */,
			);
		};
/* End PBXProject section */

/* Begin PBXResourcesBuildPhase section */
		4E5493DD1BC3624700EA0C66 /* Resources */ = {
			isa = PBXResourcesBuildPhase;
			buildActionMask = 2147483647;
			files = (
				4E5494171BC3934300EA0C66 /* 002.png in Resources */,
				4E54940C1BC364B400EA0C66 /* 002.png in Resources */,
				4E5494191BC3936A00EA0C66 /* btn_image_close@3x.png in Resources */,
				4E5493EE1BC3624700EA0C66 /* Main.storyboard in Resources */,
				4E5493F31BC3624700EA0C66 /* LaunchScreen.xib in Resources */,
				4E54940E1BC364EB00EA0C66 /* add_button_item@2x.png in Resources */,
				4E5493F01BC3624700EA0C66 /* Images.xcassets in Resources */,
			);
			runOnlyForDeploymentPostprocessing = 0;
		};
		4E5493F61BC3624700EA0C66 /* Resources */ = {
			isa = PBXResourcesBuildPhase;
			buildActionMask = 2147483647;
			files = (
			);
			runOnlyForDeploymentPostprocessing = 0;
		};
/* End PBXResourcesBuildPhase section */

/* Begin PBXSourcesBuildPhase section */
		4E5493DB1BC3624700EA0C66 /* Sources */ = {
			isa = PBXSourcesBuildPhase;
			buildActionMask = 2147483647;
			files = (
				4E5493EB1BC3624700EA0C66 /* ViewController.m in Sources */,
				4E5494111BC3653800EA0C66 /* PhotographerManager.m in Sources */,
				4E54940A1BC362C400EA0C66 /* TakePhoto.m in Sources */,
				4E5493E81BC3624700EA0C66 /* AppDelegate.m in Sources */,
				4E5493E51BC3624700EA0C66 /* main.m in Sources */,
				4E5494151BC372E800EA0C66 /* DetailViewController.m in Sources */,
			);
			runOnlyForDeploymentPostprocessing = 0;
		};
		4E5493F41BC3624700EA0C66 /* Sources */ = {
			isa = PBXSourcesBuildPhase;
			buildActionMask = 2147483647;
			files = (
				4E5493FF1BC3624700EA0C66 /* _2______Tests.m in Sources */,
			);
			runOnlyForDeploymentPostprocessing = 0;
		};
/* End PBXSourcesBuildPhase section */

/* Begin PBXTargetDependency section */
		4E5493FA1BC3624700EA0C66 /* PBXTargetDependency */ = {
			isa = PBXTargetDependency;
			target = 4E5493DE1BC3624700EA0C66 /* 02-自定义拍照 */;
			targetProxy = 4E5493F91BC3624700EA0C66 /* PBXContainerItemProxy */;
		};
/* End PBXTargetDependency section */

/* Begin PBXVariantGroup section */
		4E5493EC1BC3624700EA0C66 /* Main.storyboard */ = {
			isa = PBXVariantGroup;
			children = (
				4E5493ED1BC3624700EA0C66 /* Base */,
			);
			name = Main.storyboard;
			sourceTree = "<group>";
		};
		4E5493F11BC3624700EA0C66 /* LaunchScreen.xib */ = {
			isa = PBXVariantGroup;
			children = (
				4E5493F21BC3624700EA0C66 /* Base */,
			);
			name = LaunchScreen.xib;
			sourceTree = "<group>";
		};
/* End PBXVariantGroup section */

/* Begin XCBuildConfiguration section */
		4E5494001BC3624700EA0C66 /* Debug */ = {
			isa = XCBuildConfiguration;
			buildSettings = {
				ALWAYS_SEARCH_USER_PATHS = NO;
				CLANG_CXX_LANGUAGE_STANDARD = "gnu++0x";
				CLANG_CXX_LIBRARY = "libc++";
				CLANG_ENABLE_MODULES = YES;
				CLANG_ENABLE_OBJC_ARC = YES;
				CLANG_WARN_BOOL_CONVERSION = YES;
				CLANG_WARN_CONSTANT_CONVERSION = YES;
				CLANG_WARN_DIRECT_OBJC_ISA_USAGE = YES_ERROR;
				CLANG_WARN_EMPTY_BODY = YES;
				CLANG_WARN_ENUM_CONVERSION = YES;
				CLANG_WARN_INT_CONVERSION = YES;
				CLANG_WARN_OBJC_ROOT_CLASS = YES_ERROR;
				CLANG_WARN_UNREACHABLE_CODE = YES;
				CLANG_WARN__DUPLICATE_METHOD_MATCH = YES;
				CODE_SIGN_IDENTITY = "iPhone Developer: yun liu (LRCLS4J654)";
				"CODE_SIGN_IDENTITY[sdk=iphoneos*]" = "iPhone Developer";
				COPY_PHASE_STRIP = NO;
				ENABLE_STRICT_OBJC_MSGSEND = YES;
				GCC_C_LANGUAGE_STANDARD = gnu99;
				GCC_DYNAMIC_NO_PIC = NO;
				GCC_OPTIMIZATION_LEVEL = 0;
				GCC_PREPROCESSOR_DEFINITIONS = (
					"DEBUG=1",
					"$(inherited)",
				);
				GCC_SYMBOLS_PRIVATE_EXTERN = NO;
				GCC_WARN_64_TO_32_BIT_CONVERSION = YES;
				GCC_WARN_ABOUT_RETURN_TYPE = YES_ERROR;
				GCC_WARN_UNDECLARED_SELECTOR = YES;
				GCC_WARN_UNINITIALIZED_AUTOS = YES_AGGRESSIVE;
				GCC_WARN_UNUSED_FUNCTION = YES;
				GCC_WARN_UNUSED_VARIABLE = YES;
				IPHONEOS_DEPLOYMENT_TARGET = 7.1;
				MTL_ENABLE_DEBUG_INFO = YES;
				ONLY_ACTIVE_ARCH = YES;
				PROVISIONING_PROFILE = "c070ca6a-280d-427e-911d-5a00e0fd9b4a";
				SDKROOT = iphoneos;
			};
			name = Debug;
		};
		4E5494011BC3624700EA0C66 /* Release */ = {
			isa = XCBuildConfiguration;
			buildSettings = {
				ALWAYS_SEARCH_USER_PATHS = NO;
				CLANG_CXX_LANGUAGE_STANDARD = "gnu++0x";
				CLANG_CXX_LIBRARY = "libc++";
				CLANG_ENABLE_MODULES = YES;
				CLANG_ENABLE_OBJC_ARC = YES;
				CLANG_WARN_BOOL_CONVERSION = YES;
				CLANG_WARN_CONSTANT_CONVERSION = YES;
				CLANG_WARN_DIRECT_OBJC_ISA_USAGE = YES_ERROR;
				CLANG_WARN_EMPTY_BODY = YES;
				CLANG_WARN_ENUM_CONVERSION = YES;
				CLANG_WARN_INT_CONVERSION = YES;
				CLANG_WARN_OBJC_ROOT_CLASS = YES_ERROR;
				CLANG_WARN_UNREACHABLE_CODE = YES;
				CLANG_WARN__DUPLICATE_METHOD_MATCH = YES;
				CODE_SIGN_IDENTITY = "iPhone Developer: yun liu (LRCLS4J654)";
				"CODE_SIGN_IDENTITY[sdk=iphoneos*]" = "iPhone Developer";
				COPY_PHASE_STRIP = YES;
				ENABLE_NS_ASSERTIONS = NO;
				ENABLE_STRICT_OBJC_MSGSEND = YES;
				GCC_C_LANGUAGE_STANDARD = gnu99;
				GCC_WARN_64_TO_32_BIT_CONVERSION = YES;
				GCC_WARN_ABOUT_RETURN_TYPE = YES_ERROR;
				GCC_WARN_UNDECLARED_SELECTOR = YES;
				GCC_WARN_UNINITIALIZED_AUTOS = YES_AGGRESSIVE;
				GCC_WARN_UNUSED_FUNCTION = YES;
				GCC_WARN_UNUSED_VARIABLE = YES;
				IPHONEOS_DEPLOYMENT_TARGET = 7.1;
				MTL_ENABLE_DEBUG_INFO = NO;
				PROVISIONING_PROFILE = "c070ca6a-280d-427e-911d-5a00e0fd9b4a";
				SDKROOT = iphoneos;
				VALIDATE_PRODUCT = YES;
			};
			name = Release;
		};
		4E5494031BC3624700EA0C66 /* Debug */ = {
			isa = XCBuildConfiguration;
			buildSettings = {
				ASSETCATALOG_COMPILER_APPICON_NAME = AppIcon;
				ASSETCATALOG_COMPILER_LAUNCHIMAGE_NAME = LaunchImage;
				CODE_SIGN_IDENTITY = "iPhone Developer";
				"CODE_SIGN_IDENTITY[sdk=iphoneos*]" = "iPhone Developer";
				INFOPLIST_FILE = "02-自定义拍照/Info.plist";
				LD_RUNPATH_SEARCH_PATHS = "$(inherited) @executable_path/Frameworks";
				PRODUCT_NAME = "$(TARGET_NAME)";
				PROVISIONING_PROFILE = "";
			};
			name = Debug;
		};
		4E5494041BC3624700EA0C66 /* Release */ = {
			isa = XCBuildConfiguration;
			buildSettings = {
				ASSETCATALOG_COMPILER_APPICON_NAME = AppIcon;
				ASSETCATALOG_COMPILER_LAUNCHIMAGE_NAME = LaunchImage;
				CODE_SIGN_IDENTITY = "iPhone Developer";
				"CODE_SIGN_IDENTITY[sdk=iphoneos*]" = "iPhone Developer";
				INFOPLIST_FILE = "02-自定义拍照/Info.plist";
				LD_RUNPATH_SEARCH_PATHS = "$(inherited) @executable_path/Frameworks";
				PRODUCT_NAME = "$(TARGET_NAME)";
				PROVISIONING_PROFILE = "";
			};
			name = Release;
		};
		4E5494061BC3624700EA0C66 /* Debug */ = {
			isa = XCBuildConfiguration;
			buildSettings = {
				BUNDLE_LOADER = "$(TEST_HOST)";
				FRAMEWORK_SEARCH_PATHS = (
					"$(SDKROOT)/Developer/Library/Frameworks",
					"$(inherited)",
				);
				GCC_PREPROCESSOR_DEFINITIONS = (
					"DEBUG=1",
					"$(inherited)",
				);
				INFOPLIST_FILE = "02-自定义拍照Tests/Info.plist";
				LD_RUNPATH_SEARCH_PATHS = "$(inherited) @executable_path/Frameworks @loader_path/Frameworks";
				PRODUCT_NAME = "$(TARGET_NAME)";
				TEST_HOST = "$(BUILT_PRODUCTS_DIR)/02-自定义拍照.app/02-自定义拍照";
			};
			name = Debug;
		};
		4E5494071BC3624700EA0C66 /* Release */ = {
			isa = XCBuildConfiguration;
			buildSettings = {
				BUNDLE_LOADER = "$(TEST_HOST)";
				FRAMEWORK_SEARCH_PATHS = (
					"$(SDKROOT)/Developer/Library/Frameworks",
					"$(inherited)",
				);
				INFOPLIST_FILE = "02-自定义拍照Tests/Info.plist";
				LD_RUNPATH_SEARCH_PATHS = "$(inherited) @executable_path/Frameworks @loader_path/Frameworks";
				PRODUCT_NAME = "$(TARGET_NAME)";
				TEST_HOST = "$(BUILT_PRODUCTS_DIR)/02-自定义拍照.app/02-自定义拍照";
			};
			name = Release;
		};
/* End XCBuildConfiguration section */

/* Begin XCConfigurationList section */
		4E5493DA1BC3624700EA0C66 /* Build configuration list for PBXProject "02-自定义拍照" */ = {
			isa = XCConfigurationList;
			buildConfigurations = (
				4E5494001BC3624700EA0C66 /* Debug */,
				4E5494011BC3624700EA0C66 /* Release */,
			);
			defaultConfigurationIsVisible = 0;
			defaultConfigurationName = Release;
		};
		4E5494021BC3624700EA0C66 /* Build configuration list for PBXNativeTarget "02-自定义拍照" */ = {
			isa = XCConfigurationList;
			buildConfigurations = (
				4E5494031BC3624700EA0C66 /* Debug */,
				4E5494041BC3624700EA0C66 /* Release */,
			);
			defaultConfigurationIsVisible = 0;
			defaultConfigurationName = Release;
		};
		4E5494051BC3624700EA0C66 /* Build configuration list for PBXNativeTarget "02-自定义拍照Tests" */ = {
			isa = XCConfigurationList;
			buildConfigurations = (
				4E5494061BC3624700EA0C66 /* Debug */,
				4E5494071BC3624700EA0C66 /* Release */,
			);
			defaultConfigurationIsVisible = 0;
			defaultConfigurationName = Release;
		};
/* End XCConfigurationList section */
	};
	rootObject = 4E5493D71BC3624700EA0C66 /* Project object */;
}
